// !$*UTF8*$!
{
	archiveVersion = 1;
	classes = {
	};
	objectVersion = 55;
	objects = {

/* Begin PBXBuildFile section */
		B51A77A8286A0CB500A76756 /* Tests_iOS.swift in Sources */ = {isa = PBXBuildFile; fileRef = B51A77A7286A0CB500A76756 /* Tests_iOS.swift */; };
		B51A77AA286A0CB500A76756 /* Tests_iOSLaunchTests.swift in Sources */ = {isa = PBXBuildFile; fileRef = B51A77A9286A0CB500A76756 /* Tests_iOSLaunchTests.swift */; };
		B51A77B4286A0CB500A76756 /* Tests_macOS.swift in Sources */ = {isa = PBXBuildFile; fileRef = B51A77B3286A0CB500A76756 /* Tests_macOS.swift */; };
		B51A77B6286A0CB500A76756 /* Tests_macOSLaunchTests.swift in Sources */ = {isa = PBXBuildFile; fileRef = B51A77B5286A0CB500A76756 /* Tests_macOSLaunchTests.swift */; };
		B51A77B7286A0CB500A76756 /* AskMeApp.swift in Sources */ = {isa = PBXBuildFile; fileRef = B51A778F286A0CB400A76756 /* AskMeApp.swift */; };
		B51A77B8286A0CB500A76756 /* AskMeApp.swift in Sources */ = {isa = PBXBuildFile; fileRef = B51A778F286A0CB400A76756 /* AskMeApp.swift */; };
		B51A77B9286A0CB500A76756 /* ContentView.swift in Sources */ = {isa = PBXBuildFile; fileRef = B51A7790286A0CB400A76756 /* ContentView.swift */; };
		B51A77BA286A0CB500A76756 /* ContentView.swift in Sources */ = {isa = PBXBuildFile; fileRef = B51A7790286A0CB400A76756 /* ContentView.swift */; };
		B51A77BB286A0CB500A76756 /* Assets.xcassets in Resources */ = {isa = PBXBuildFile; fileRef = B51A7791286A0CB500A76756 /* Assets.xcassets */; };
		B51A77BC286A0CB500A76756 /* Assets.xcassets in Resources */ = {isa = PBXBuildFile; fileRef = B51A7791286A0CB500A76756 /* Assets.xcassets */; };
/* End PBXBuildFile section */

/* Begin PBXContainerItemProxy section */
		B51A77A4286A0CB500A76756 /* PBXContainerItemProxy */ = {
			isa = PBXContainerItemProxy;
			containerPortal = B51A778A286A0CB400A76756 /* Project object */;
			proxyType = 1;
			remoteGlobalIDString = B51A7795286A0CB500A76756;
			remoteInfo = "AskMe (iOS)";
		};
		B51A77B0286A0CB500A76756 /* PBXContainerItemProxy */ = {
			isa = PBXContainerItemProxy;
			containerPortal = B51A778A286A0CB400A76756 /* Project object */;
			proxyType = 1;
			remoteGlobalIDString = B51A779B286A0CB500A76756;
			remoteInfo = "AskMe (macOS)";
		};
/* End PBXContainerItemProxy section */

/* Begin PBXFileReference section */
		B51A778F286A0CB400A76756 /* AskMeApp.swift */ = {isa = PBXFileReference; lastKnownFileType = sourcecode.swift; path = AskMeApp.swift; sourceTree = "<group>"; };
		B51A7790286A0CB400A76756 /* ContentView.swift */ = {isa = PBXFileReference; lastKnownFileType = sourcecode.swift; path = ContentView.swift; sourceTree = "<group>"; };
		B51A7791286A0CB500A76756 /* Assets.xcassets */ = {isa = PBXFileReference; lastKnownFileType = folder.assetcatalog; path = Assets.xcassets; sourceTree = "<group>"; };
		B51A7796286A0CB500A76756 /* AskMe.app */ = {isa = PBXFileReference; explicitFileType = wrapper.application; includeInIndex = 0; path = AskMe.app; sourceTree = BUILT_PRODUCTS_DIR; };
		B51A779C286A0CB500A76756 /* AskMe.app */ = {isa = PBXFileReference; explicitFileType = wrapper.application; includeInIndex = 0; path = AskMe.app; sourceTree = BUILT_PRODUCTS_DIR; };
		B51A779E286A0CB500A76756 /* macOS.entitlements */ = {isa = PBXFileReference; lastKnownFileType = text.plist.entitlements; path = macOS.entitlements; sourceTree = "<group>"; };
		B51A77A3286A0CB500A76756 /* Tests iOS.xctest */ = {isa = PBXFileReference; explicitFileType = wrapper.cfbundle; includeInIndex = 0; path = "Tests iOS.xctest"; sourceTree = BUILT_PRODUCTS_DIR; };
		B51A77A7286A0CB500A76756 /* Tests_iOS.swift */ = {isa = PBXFileReference; lastKnownFileType = sourcecode.swift; path = Tests_iOS.swift; sourceTree = "<group>"; };
		B51A77A9286A0CB500A76756 /* Tests_iOSLaunchTests.swift */ = {isa = PBXFileReference; lastKnownFileType = sourcecode.swift; path = Tests_iOSLaunchTests.swift; sourceTree = "<group>"; };
		B51A77AF286A0CB500A76756 /* Tests macOS.xctest */ = {isa = PBXFileReference; explicitFileType = wrapper.cfbundle; includeInIndex = 0; path = "Tests macOS.xctest"; sourceTree = BUILT_PRODUCTS_DIR; };
		B51A77B3286A0CB500A76756 /* Tests_macOS.swift */ = {isa = PBXFileReference; lastKnownFileType = sourcecode.swift; path = Tests_macOS.swift; sourceTree = "<group>"; };
		B51A77B5286A0CB500A76756 /* Tests_macOSLaunchTests.swift */ = {isa = PBXFileReference; lastKnownFileType = sourcecode.swift; path = Tests_macOSLaunchTests.swift; sourceTree = "<group>"; };
/* End PBXFileReference section */

/* Begin PBXFrameworksBuildPhase section */
		B51A7793286A0CB500A76756 /* Frameworks */ = {
			isa = PBXFrameworksBuildPhase;
			buildActionMask = 2147483647;
			files = (
			);
			runOnlyForDeploymentPostprocessing = 0;
		};
		B51A7799286A0CB500A76756 /* Frameworks */ = {
			isa = PBXFrameworksBuildPhase;
			buildActionMask = 2147483647;
			files = (
			);
			runOnlyForDeploymentPostprocessing = 0;
		};
		B51A77A0286A0CB500A76756 /* Frameworks */ = {
			isa = PBXFrameworksBuildPhase;
			buildActionMask = 2147483647;
			files = (
			);
			runOnlyForDeploymentPostprocessing = 0;
		};
		B51A77AC286A0CB500A76756 /* Frameworks */ = {
			isa = PBXFrameworksBuildPhase;
			buildActionMask = 2147483647;
			files = (
			);
			runOnlyForDeploymentPostprocessing = 0;
		};
/* End PBXFrameworksBuildPhase section */

/* Begin PBXGroup section */
		B51A7789286A0CB400A76756 = {
			isa = PBXGroup;
			children = (
				B51A778E286A0CB400A76756 /* Shared */,
				B51A779D286A0CB500A76756 /* macOS */,
				B51A77A6286A0CB500A76756 /* Tests iOS */,
				B51A77B2286A0CB500A76756 /* Tests macOS */,
				B51A7797286A0CB500A76756 /* Products */,
			);
			sourceTree = "<group>";
		};
		B51A778E286A0CB400A76756 /* Shared */ = {
			isa = PBXGroup;
			children = (
				B51A778F286A0CB400A76756 /* AskMeApp.swift */,
				B51A7790286A0CB400A76756 /* ContentView.swift */,
				B51A7791286A0CB500A76756 /* Assets.xcassets */,
			);
			path = Shared;
			sourceTree = "<group>";
		};
		B51A7797286A0CB500A76756 /* Products */ = {
			isa = PBXGroup;
			children = (
				B51A7796286A0CB500A76756 /* AskMe.app */,
				B51A779C286A0CB500A76756 /* AskMe.app */,
				B51A77A3286A0CB500A76756 /* Tests iOS.xctest */,
				B51A77AF286A0CB500A76756 /* Tests macOS.xctest */,
			);
			name = Products;
			sourceTree = "<group>";
		};
		B51A779D286A0CB500A76756 /* macOS */ = {
			isa = PBXGroup;
			children = (
				B51A779E286A0CB500A76756 /* macOS.entitlements */,
			);
			path = macOS;
			sourceTree = "<group>";
		};
		B51A77A6286A0CB500A76756 /* Tests iOS */ = {
			isa = PBXGroup;
			children = (
				B51A77A7286A0CB500A76756 /* Tests_iOS.swift */,
				B51A77A9286A0CB500A76756 /* Tests_iOSLaunchTests.swift */,
			);
			path = "Tests iOS";
			sourceTree = "<group>";
		};
		B51A77B2286A0CB500A76756 /* Tests macOS */ = {
			isa = PBXGroup;
			children = (
				B51A77B3286A0CB500A76756 /* Tests_macOS.swift */,
				B51A77B5286A0CB500A76756 /* Tests_macOSLaunchTests.swift */,
			);
			path = "Tests macOS";
			sourceTree = "<group>";
		};
/* End PBXGroup section */

/* Begin PBXNativeTarget section */
		B51A7795286A0CB500A76756 /* AskMe (iOS) */ = {
			isa = PBXNativeTarget;
			buildConfigurationList = B51A77BF286A0CB500A76756 /* Build configuration list for PBXNativeTarget "AskMe (iOS)" */;
			buildPhases = (
				B51A7792286A0CB500A76756 /* Sources */,
				B51A7793286A0CB500A76756 /* Frameworks */,
				B51A7794286A0CB500A76756 /* Resources */,
			);
			buildRules = (
			);
			dependencies = (
			);
			name = "AskMe (iOS)";
			productName = "AskMe (iOS)";
			productReference = B51A7796286A0CB500A76756 /* AskMe.app */;
			productType = "com.apple.product-type.application";
		};
		B51A779B286A0CB500A76756 /* AskMe (macOS) */ = {
			isa = PBXNativeTarget;
			buildConfigurationList = B51A77C2286A0CB500A76756 /* Build configuration list for PBXNativeTarget "AskMe (macOS)" */;
			buildPhases = (
				B51A7798286A0CB500A76756 /* Sources */,
				B51A7799286A0CB500A76756 /* Frameworks */,
				B51A779A286A0CB500A76756 /* Resources */,
			);
			buildRules = (
			);
			dependencies = (
			);
			name = "AskMe (macOS)";
			productName = "AskMe (macOS)";
			productReference = B51A779C286A0CB500A76756 /* AskMe.app */;
			productType = "com.apple.product-type.application";
		};
		B51A77A2286A0CB500A76756 /* Tests iOS */ = {
			isa = PBXNativeTarget;
			buildConfigurationList = B51A77C5286A0CB500A76756 /* Build configuration list for PBXNativeTarget "Tests iOS" */;
			buildPhases = (
				B51A779F286A0CB500A76756 /* Sources */,
				B51A77A0286A0CB500A76756 /* Frameworks */,
				B51A77A1286A0CB500A76756 /* Resources */,
			);
			buildRules = (
			);
			dependencies = (
				B51A77A5286A0CB500A76756 /* PBXTargetDependency */,
			);
			name = "Tests iOS";
			productName = "Tests iOS";
			productReference = B51A77A3286A0CB500A76756 /* Tests iOS.xctest */;
			productType = "com.apple.product-type.bundle.ui-testing";
		};
		B51A77AE286A0CB500A76756 /* Tests macOS */ = {
			isa = PBXNativeTarget;
			buildConfigurationList = B51A77C8286A0CB500A76756 /* Build configuration list for PBXNativeTarget "Tests macOS" */;
			buildPhases = (
				B51A77AB286A0CB500A76756 /* Sources */,
				B51A77AC286A0CB500A76756 /* Frameworks */,
				B51A77AD286A0CB500A76756 /* Resources */,
			);
			buildRules = (
			);
			dependencies = (
				B51A77B1286A0CB500A76756 /* PBXTargetDependency */,
			);
			name = "Tests macOS";
			productName = "Tests macOS";
			productReference = B51A77AF286A0CB500A76756 /* Tests macOS.xctest */;
			productType = "com.apple.product-type.bundle.ui-testing";
		};
/* End PBXNativeTarget section */

/* Begin PBXProject section */
		B51A778A286A0CB400A76756 /* Project object */ = {
			isa = PBXProject;
			attributes = {
				BuildIndependentTargetsInParallel = 1;
				LastSwiftUpdateCheck = 1340;
				LastUpgradeCheck = 1340;
				TargetAttributes = {
					B51A7795286A0CB500A76756 = {
						CreatedOnToolsVersion = 13.4.1;
					};
					B51A779B286A0CB500A76756 = {
						CreatedOnToolsVersion = 13.4.1;
					};
					B51A77A2286A0CB500A76756 = {
						CreatedOnToolsVersion = 13.4.1;
						TestTargetID = B51A7795286A0CB500A76756;
					};
					B51A77AE286A0CB500A76756 = {
						CreatedOnToolsVersion = 13.4.1;
						TestTargetID = B51A779B286A0CB500A76756;
					};
				};
			};
			buildConfigurationList = B51A778D286A0CB400A76756 /* Build configuration list for PBXProject "AskMe" */;
			compatibilityVersion = "Xcode 13.0";
			developmentRegion = en;
			hasScannedForEncodings = 0;
			knownRegions = (
				en,
				Base,
			);
			mainGroup = B51A7789286A0CB400A76756;
			productRefGroup = B51A7797286A0CB500A76756 /* Products */;
			projectDirPath = "";
			projectRoot = "";
			targets = (
				B51A7795286A0CB500A76756 /* AskMe (iOS) */,
				B51A779B286A0CB500A76756 /* AskMe (macOS) */,
				B51A77A2286A0CB500A76756 /* Tests iOS */,
				B51A77AE286A0CB500A76756 /* Tests macOS */,
			);
		};
/* End PBXProject section */

/* Begin PBXResourcesBuildPhase section */
		B51A7794286A0CB500A76756 /* Resources */ = {
			isa = PBXResourcesBuildPhase;
			buildActionMask = 2147483647;
			files = (
				B51A77BB286A0CB500A76756 /* Assets.xcassets in Resources */,
			);
			runOnlyForDeploymentPostprocessing = 0;
		};
		B51A779A286A0CB500A76756 /* Resources */ = {
			isa = PBXResourcesBuildPhase;
			buildActionMask = 2147483647;
			files = (
				B51A77BC286A0CB500A76756 /* Assets.xcassets in Resources */,
			);
			runOnlyForDeploymentPostprocessing = 0;
		};
		B51A77A1286A0CB500A76756 /* Resources */ = {
			isa = PBXResourcesBuildPhase;
			buildActionMask = 2147483647;
			files = (
			);
			runOnlyForDeploymentPostprocessing = 0;
		};
		B51A77AD286A0CB500A76756 /* Resources */ = {
			isa = PBXResourcesBuildPhase;
			buildActionMask = 2147483647;
			files = (
			);
			runOnlyForDeploymentPostprocessing = 0;
		};
/* End PBXResourcesBuildPhase section */

/* Begin PBXSourcesBuildPhase section */
		B51A7792286A0CB500A76756 /* Sources */ = {
			isa = PBXSourcesBuildPhase;
			buildActionMask = 2147483647;
			files = (
				B51A77B9286A0CB500A76756 /* ContentView.swift in Sources */,
				B51A77B7286A0CB500A76756 /* AskMeApp.swift in Sources */,
			);
			runOnlyForDeploymentPostprocessing = 0;
		};
		B51A7798286A0CB500A76756 /* Sources */ = {
			isa = PBXSourcesBuildPhase;
			buildActionMask = 2147483647;
			files = (
				B51A77BA286A0CB500A76756 /* ContentView.swift in Sources */,
				B51A77B8286A0CB500A76756 /* AskMeApp.swift in Sources */,
			);
			runOnlyForDeploymentPostprocessing = 0;
		};
		B51A779F286A0CB500A76756 /* Sources */ = {
			isa = PBXSourcesBuildPhase;
			buildActionMask = 2147483647;
			files = (
				B51A77AA286A0CB500A76756 /* Tests_iOSLaunchTests.swift in Sources */,
				B51A77A8286A0CB500A76756 /* Tests_iOS.swift in Sources */,
			);
			runOnlyForDeploymentPostprocessing = 0;
		};
		B51A77AB286A0CB500A76756 /* Sources */ = {
			isa = PBXSourcesBuildPhase;
			buildActionMask = 2147483647;
			files = (
				B51A77B6286A0CB500A76756 /* Tests_macOSLaunchTests.swift in Sources */,
				B51A77B4286A0CB500A76756 /* Tests_macOS.swift in Sources */,
			);
			runOnlyForDeploymentPostprocessing = 0;
		};
/* End PBXSourcesBuildPhase section */

/* Begin PBXTargetDependency section */
		B51A77A5286A0CB500A76756 /* PBXTargetDependency */ = {
			isa = PBXTargetDependency;
			target = B51A7795286A0CB500A76756 /* AskMe (iOS) */;
			targetProxy = B51A77A4286A0CB500A76756 /* PBXContainerItemProxy */;
		};
		B51A77B1286A0CB500A76756 /* PBXTargetDependency */ = {
			isa = PBXTargetDependency;
			target = B51A779B286A0CB500A76756 /* AskMe (macOS) */;
			targetProxy = B51A77B0286A0CB500A76756 /* PBXContainerItemProxy */;
		};
/* End PBXTargetDependency section */

/* Begin XCBuildConfiguration section */
		B51A77BD286A0CB500A76756 /* Debug */ = {
			isa = XCBuildConfiguration;
			buildSettings = {
				ALWAYS_SEARCH_USER_PATHS = NO;
				CLANG_ANALYZER_NONNULL = YES;
				CLANG_ANALYZER_NUMBER_OBJECT_CONVERSION = YES_AGGRESSIVE;
				CLANG_CXX_LANGUAGE_STANDARD = "gnu++17";
				CLANG_ENABLE_MODULES = YES;
				CLANG_ENABLE_OBJC_ARC = YES;
				CLANG_ENABLE_OBJC_WEAK = YES;
				CLANG_WARN_BLOCK_CAPTURE_AUTORELEASING = YES;
				CLANG_WARN_BOOL_CONVERSION = YES;
				CLANG_WARN_COMMA = YES;
				CLANG_WARN_CONSTANT_CONVERSION = YES;
				CLANG_WARN_DEPRECATED_OBJC_IMPLEMENTATIONS = YES;
				CLANG_WARN_DIRECT_OBJC_ISA_USAGE = YES_ERROR;
				CLANG_WARN_DOCUMENTATION_COMMENTS = YES;
				CLANG_WARN_EMPTY_BODY = YES;
				CLANG_WARN_ENUM_CONVERSION = YES;
				CLANG_WARN_INFINITE_RECURSION = YES;
				CLANG_WARN_INT_CONVERSION = YES;
				CLANG_WARN_NON_LITERAL_NULL_CONVERSION = YES;
				CLANG_WARN_OBJC_IMPLICIT_RETAIN_SELF = YES;
				CLANG_WARN_OBJC_LITERAL_CONVERSION = YES;
				CLANG_WARN_OBJC_ROOT_CLASS = YES_ERROR;
				CLANG_WARN_QUOTED_INCLUDE_IN_FRAMEWORK_HEADER = YES;
				CLANG_WARN_RANGE_LOOP_ANALYSIS = YES;
				CLANG_WARN_STRICT_PROTOTYPES = YES;
				CLANG_WARN_SUSPICIOUS_MOVE = YES;
				CLANG_WARN_UNGUARDED_AVAILABILITY = YES_AGGRESSIVE;
				CLANG_WARN_UNREACHABLE_CODE = YES;
				CLANG_WARN__DUPLICATE_METHOD_MATCH = YES;
				COPY_PHASE_STRIP = NO;
				DEBUG_INFORMATION_FORMAT = dwarf;
				ENABLE_STRICT_OBJC_MSGSEND = YES;
				ENABLE_TESTABILITY = YES;
				GCC_C_LANGUAGE_STANDARD = gnu11;
				GCC_DYNAMIC_NO_PIC = NO;
				GCC_NO_COMMON_BLOCKS = YES;
				GCC_OPTIMIZATION_LEVEL = 0;
				GCC_PREPROCESSOR_DEFINITIONS = (
					"DEBUG=1",
					"$(inherited)",
				);
				GCC_WARN_64_TO_32_BIT_CONVERSION = YES;
				GCC_WARN_ABOUT_RETURN_TYPE = YES_ERROR;
				GCC_WARN_UNDECLARED_SELECTOR = YES;
				GCC_WARN_UNINITIALIZED_AUTOS = YES_AGGRESSIVE;
				GCC_WARN_UNUSED_FUNCTION = YES;
				GCC_WARN_UNUSED_VARIABLE = YES;
				MTL_ENABLE_DEBUG_INFO = INCLUDE_SOURCE;
				MTL_FAST_MATH = YES;
				ONLY_ACTIVE_ARCH = YES;
				SWIFT_ACTIVE_COMPILATION_CONDITIONS = DEBUG;
				SWIFT_OPTIMIZATION_LEVEL = "-Onone";
			};
			name = Debug;
		};
		B51A77BE286A0CB500A76756 /* Release */ = {
			isa = XCBuildConfiguration;
			buildSettings = {
				ALWAYS_SEARCH_USER_PATHS = NO;
				CLANG_ANALYZER_NONNULL = YES;
				CLANG_ANALYZER_NUMBER_OBJECT_CONVERSION = YES_AGGRESSIVE;
				CLANG_CXX_LANGUAGE_STANDARD = "gnu++17";
				CLANG_ENABLE_MODULES = YES;
				CLANG_ENABLE_OBJC_ARC = YES;
				CLANG_ENABLE_OBJC_WEAK = YES;
				CLANG_WARN_BLOCK_CAPTURE_AUTORELEASING = YES;
				CLANG_WARN_BOOL_CONVERSION = YES;
				CLANG_WARN_COMMA = YES;
				CLANG_WARN_CONSTANT_CONVERSION = YES;
				CLANG_WARN_DEPRECATED_OBJC_IMPLEMENTATIONS = YES;
				CLANG_WARN_DIRECT_OBJC_ISA_USAGE = YES_ERROR;
				CLANG_WARN_DOCUMENTATION_COMMENTS = YES;
				CLANG_WARN_EMPTY_BODY = YES;
				CLANG_WARN_ENUM_CONVERSION = YES;
				CLANG_WARN_INFINITE_RECURSION = YES;
				CLANG_WARN_INT_CONVERSION = YES;
				CLANG_WARN_NON_LITERAL_NULL_CONVERSION = YES;
				CLANG_WARN_OBJC_IMPLICIT_RETAIN_SELF = YES;
				CLANG_WARN_OBJC_LITERAL_CONVERSION = YES;
				CLANG_WARN_OBJC_ROOT_CLASS = YES_ERROR;
				CLANG_WARN_QUOTED_INCLUDE_IN_FRAMEWORK_HEADER = YES;
				CLANG_WARN_RANGE_LOOP_ANALYSIS = YES;
				CLANG_WARN_STRICT_PROTOTYPES = YES;
				CLANG_WARN_SUSPICIOUS_MOVE = YES;
				CLANG_WARN_UNGUARDED_AVAILABILITY = YES_AGGRESSIVE;
				CLANG_WARN_UNREACHABLE_CODE = YES;
				CLANG_WARN__DUPLICATE_METHOD_MATCH = YES;
				COPY_PHASE_STRIP = NO;
				DEBUG_INFORMATION_FORMAT = "dwarf-with-dsym";
				ENABLE_NS_ASSERTIONS = NO;
				ENABLE_STRICT_OBJC_MSGSEND = YES;
				GCC_C_LANGUAGE_STANDARD = gnu11;
				GCC_NO_COMMON_BLOCKS = YES;
				GCC_WARN_64_TO_32_BIT_CONVERSION = YES;
				GCC_WARN_ABOUT_RETURN_TYPE = YES_ERROR;
				GCC_WARN_UNDECLARED_SELECTOR = YES;
				GCC_WARN_UNINITIALIZED_AUTOS = YES_AGGRESSIVE;
				GCC_WARN_UNUSED_FUNCTION = YES;
				GCC_WARN_UNUSED_VARIABLE = YES;
				MTL_ENABLE_DEBUG_INFO = NO;
				MTL_FAST_MATH = YES;
				SWIFT_COMPILATION_MODE = wholemodule;
				SWIFT_OPTIMIZATION_LEVEL = "-O";
			};
			name = Release;
		};
		B51A77C0286A0CB500A76756 /* Debug */ = {
			isa = XCBuildConfiguration;
			buildSettings = {
				ASSETCATALOG_COMPILER_APPICON_NAME = AppIcon;
				ASSETCATALOG_COMPILER_GLOBAL_ACCENT_COLOR_NAME = AccentColor;
				CODE_SIGN_STYLE = Automatic;
				CURRENT_PROJECT_VERSION = 1;
				ENABLE_PREVIEWS = YES;
				GENERATE_INFOPLIST_FILE = YES;
				INFOPLIST_KEY_UIApplicationSceneManifest_Generation = YES;
				INFOPLIST_KEY_UIApplicationSupportsIndirectInputEvents = YES;
				INFOPLIST_KEY_UILaunchScreen_Generation = YES;
				INFOPLIST_KEY_UISupportedInterfaceOrientations_iPad = "UIInterfaceOrientationPortrait UIInterfaceOrientationPortraitUpsideDown UIInterfaceOrientationLandscapeLeft UIInterfaceOrientationLandscapeRight";
				INFOPLIST_KEY_UISupportedInterfaceOrientations_iPhone = "UIInterfaceOrientationPortrait UIInterfaceOrientationLandscapeLeft UIInterfaceOrientationLandscapeRight";
				IPHONEOS_DEPLOYMENT_TARGET = 15.5;
				LD_RUNPATH_SEARCH_PATHS = (
					"$(inherited)",
					"@executable_path/Frameworks",
				);
				MARKETING_VERSION = 1.0;
				PRODUCT_BUNDLE_IDENTIFIER = ahm.AskMe;
				PRODUCT_NAME = AskMe;
				SDKROOT = iphoneos;
				SWIFT_EMIT_LOC_STRINGS = YES;
				SWIFT_VERSION = 5.0;
				TARGETED_DEVICE_FAMILY = "1,2";
			};
			name = Debug;
		};
		B51A77C1286A0CB500A76756 /* Release */ = {
			isa = XCBuildConfiguration;
			buildSettings = {
				ASSETCATALOG_COMPILER_APPICON_NAME = AppIcon;
				ASSETCATALOG_COMPILER_GLOBAL_ACCENT_COLOR_NAME = AccentColor;
				CODE_SIGN_STYLE = Automatic;
				CURRENT_PROJECT_VERSION = 1;
				ENABLE_PREVIEWS = YES;
				GENERATE_INFOPLIST_FILE = YES;
				INFOPLIST_KEY_UIApplicationSceneManifest_Generation = YES;
				INFOPLIST_KEY_UIApplicationSupportsIndirectInputEvents = YES;
				INFOPLIST_KEY_UILaunchScreen_Generation = YES;
				INFOPLIST_KEY_UISupportedInterfaceOrientations_iPad = "UIInterfaceOrientationPortrait UIInterfaceOrientationPortraitUpsideDown UIInterfaceOrientationLandscapeLeft UIInterfaceOrientationLandscapeRight";
				INFOPLIST_KEY_UISupportedInterfaceOrientations_iPhone = "UIInterfaceOrientationPortrait UIInterfaceOrientationLandscapeLeft UIInterfaceOrientationLandscapeRight";
				IPHONEOS_DEPLOYMENT_TARGET = 15.5;
				LD_RUNPATH_SEARCH_PATHS = (
					"$(inherited)",
					"@executable_path/Frameworks",
				);
				MARKETING_VERSION = 1.0;
				PRODUCT_BUNDLE_IDENTIFIER = ahm.AskMe;
				PRODUCT_NAME = AskMe;
				SDKROOT = iphoneos;
				SWIFT_EMIT_LOC_STRINGS = YES;
				SWIFT_VERSION = 5.0;
				TARGETED_DEVICE_FAMILY = "1,2";
				VALIDATE_PRODUCT = YES;
			};
			name = Release;
		};
		B51A77C3286A0CB500A76756 /* Debug */ = {
			isa = XCBuildConfiguration;
			buildSettings = {
				ASSETCATALOG_COMPILER_APPICON_NAME = AppIcon;
				ASSETCATALOG_COMPILER_GLOBAL_ACCENT_COLOR_NAME = AccentColor;
				CODE_SIGN_ENTITLEMENTS = macOS/macOS.entitlements;
				CODE_SIGN_STYLE = Automatic;
				COMBINE_HIDPI_IMAGES = YES;
				CURRENT_PROJECT_VERSION = 1;
				ENABLE_PREVIEWS = YES;
				GENERATE_INFOPLIST_FILE = YES;
				INFOPLIST_KEY_NSHumanReadableCopyright = "";
				LD_RUNPATH_SEARCH_PATHS = (
					"$(inherited)",
					"@executable_path/../Frameworks",
				);
				MACOSX_DEPLOYMENT_TARGET = 12.3;
				MARKETING_VERSION = 1.0;
				PRODUCT_BUNDLE_IDENTIFIER = ahm.AskMe;
				PRODUCT_NAME = AskMe;
				SDKROOT = macosx;
				SWIFT_EMIT_LOC_STRINGS = YES;
				SWIFT_VERSION = 5.0;
			};
			name = Debug;
		};
		B51A77C4286A0CB500A76756 /* Release */ = {
			isa = XCBuildConfiguration;
			buildSettings = {
				ASSETCATALOG_COMPILER_APPICON_NAME = AppIcon;
				ASSETCATALOG_COMPILER_GLOBAL_ACCENT_COLOR_NAME = AccentColor;
				CODE_SIGN_ENTITLEMENTS = macOS/macOS.entitlements;
				CODE_SIGN_STYLE = Automatic;
				COMBINE_HIDPI_IMAGES = YES;
				CURRENT_PROJECT_VERSION = 1;
				ENABLE_PREVIEWS = YES;
				GENERATE_INFOPLIST_FILE = YES;
				INFOPLIST_KEY_NSHumanReadableCopyright = "";
				LD_RUNPATH_SEARCH_PATHS = (
					"$(inherited)",
					"@executable_path/../Frameworks",
				);
				MACOSX_DEPLOYMENT_TARGET = 12.3;
				MARKETING_VERSION = 1.0;
				PRODUCT_BUNDLE_IDENTIFIER = ahm.AskMe;
				PRODUCT_NAME = AskMe;
				SDKROOT = macosx;
				SWIFT_EMIT_LOC_STRINGS = YES;
				SWIFT_VERSION = 5.0;
			};
			name = Release;
		};
		B51A77C6286A0CB500A76756 /* Debug */ = {
			isa = XCBuildConfiguration;
			buildSettings = {
				ALWAYS_EMBED_SWIFT_STANDARD_LIBRARIES = YES;
				CODE_SIGN_STYLE = Automatic;
				CURRENT_PROJECT_VERSION = 1;
				GENERATE_INFOPLIST_FILE = YES;
				IPHONEOS_DEPLOYMENT_TARGET = 15.5;
				MARKETING_VERSION = 1.0;
				PRODUCT_BUNDLE_IDENTIFIER = "ahm.Tests-iOS";
				PRODUCT_NAME = "$(TARGET_NAME)";
				SDKROOT = iphoneos;
				SWIFT_EMIT_LOC_STRINGS = NO;
				SWIFT_VERSION = 5.0;
				TARGETED_DEVICE_FAMILY = "1,2";
				TEST_TARGET_NAME = "AskMe (iOS)";
			};
			name = Debug;
		};
		B51A77C7286A0CB500A76756 /* Release */ = {
			isa = XCBuildConfiguration;
			buildSettings = {
				ALWAYS_EMBED_SWIFT_STANDARD_LIBRARIES = YES;
				CODE_SIGN_STYLE = Automatic;
				CURRENT_PROJECT_VERSION = 1;
				GENERATE_INFOPLIST_FILE = YES;
				IPHONEOS_DEPLOYMENT_TARGET = 15.5;
				MARKETING_VERSION = 1.0;
				PRODUCT_BUNDLE_IDENTIFIER = "ahm.Tests-iOS";
				PRODUCT_NAME = "$(TARGET_NAME)";
				SDKROOT = iphoneos;
				SWIFT_EMIT_LOC_STRINGS = NO;
				SWIFT_VERSION = 5.0;
				TARGETED_DEVICE_FAMILY = "1,2";
				TEST_TARGET_NAME = "AskMe (iOS)";
				VALIDATE_PRODUCT = YES;
			};
			name = Release;
		};
		B51A77C9286A0CB500A76756 /* Debug */ = {
			isa = XCBuildConfiguration;
			buildSettings = {
				ALWAYS_EMBED_SWIFT_STANDARD_LIBRARIES = YES;
				CODE_SIGN_STYLE = Automatic;
				CURRENT_PROJECT_VERSION = 1;
				GENERATE_INFOPLIST_FILE = YES;
				MACOSX_DEPLOYMENT_TARGET = 12.3;
				MARKETING_VERSION = 1.0;
				PRODUCT_BUNDLE_IDENTIFIER = "ahm.Tests-macOS";
				PRODUCT_NAME = "$(TARGET_NAME)";
				SDKROOT = macosx;
				SWIFT_EMIT_LOC_STRINGS = NO;
				SWIFT_VERSION = 5.0;
				TEST_TARGET_NAME = "AskMe (macOS)";
			};
			name = Debug;
		};
		B51A77CA286A0CB500A76756 /* Release */ = {
			isa = XCBuildConfiguration;
			buildSettings = {
				ALWAYS_EMBED_SWIFT_STANDARD_LIBRARIES = YES;
				CODE_SIGN_STYLE = Automatic;
				CURRENT_PROJECT_VERSION = 1;
				GENERATE_INFOPLIST_FILE = YES;
				MACOSX_DEPLOYMENT_TARGET = 12.3;
				MARKETING_VERSION = 1.0;
				PRODUCT_BUNDLE_IDENTIFIER = "ahm.Tests-macOS";
				PRODUCT_NAME = "$(TARGET_NAME)";
				SDKROOT = macosx;
				SWIFT_EMIT_LOC_STRINGS = NO;
				SWIFT_VERSION = 5.0;
				TEST_TARGET_NAME = "AskMe (macOS)";
			};
			name = Release;
		};
/* End XCBuildConfiguration section */

/* Begin XCConfigurationList section */
		B51A778D286A0CB400A76756 /* Build configuration list for PBXProject "AskMe" */ = {
			isa = XCConfigurationList;
			buildConfigurations = (
				B51A77BD286A0CB500A76756 /* Debug */,
				B51A77BE286A0CB500A76756 /* Release */,
			);
			defaultConfigurationIsVisible = 0;
			defaultConfigurationName = Release;
		};
		B51A77BF286A0CB500A76756 /* Build configuration list for PBXNativeTarget "AskMe (iOS)" */ = {
			isa = XCConfigurationList;
			buildConfigurations = (
				B51A77C0286A0CB500A76756 /* Debug */,
				B51A77C1286A0CB500A76756 /* Release */,
			);
			defaultConfigurationIsVisible = 0;
			defaultConfigurationName = Release;
		};
		B51A77C2286A0CB500A76756 /* Build configuration list for PBXNativeTarget "AskMe (macOS)" */ = {
			isa = XCConfigurationList;
			buildConfigurations = (
				B51A77C3286A0CB500A76756 /* Debug */,
				B51A77C4286A0CB500A76756 /* Release */,
			);
			defaultConfigurationIsVisible = 0;
			defaultConfigurationName = Release;
		};
		B51A77C5286A0CB500A76756 /* Build configuration list for PBXNativeTarget "Tests iOS" */ = {
			isa = XCConfigurationList;
			buildConfigurations = (
				B51A77C6286A0CB500A76756 /* Debug */,
				B51A77C7286A0CB500A76756 /* Release */,
			);
			defaultConfigurationIsVisible = 0;
			defaultConfigurationName = Release;
		};
		B51A77C8286A0CB500A76756 /* Build configuration list for PBXNativeTarget "Tests macOS" */ = {
			isa = XCConfigurationList;
			buildConfigurations = (
				B51A77C9286A0CB500A76756 /* Debug */,
				B51A77CA286A0CB500A76756 /* Release */,
			);
			defaultConfigurationIsVisible = 0;
			defaultConfigurationName = Release;
		};
/* End XCConfigurationList section */
	};
	rootObject = B51A778A286A0CB400A76756 /* Project object */;
}
